
Microsoft Visual Studio Solution File, Format Version 12.00
# Visual Studio Version 17
VisualStudioVersion = 17.10.35013.160
MinimumVisualStudioVersion = 10.0.40219.1
Project("{FAE04EC0-301F-11D3-BF4B-00C04F79EFBC}") = "ApiAzureUpload", "ApiAzureUpload\ApiAzureUpload.csproj", "{BEDC982D-3AFA-4505-8369-FD79FF2A86AE}"
EndProject
Global
	GlobalSection(SolutionConfigurationPlatforms) = preSolution
		Debug|Any CPU = Debug|Any CPU
		Release|Any CPU = Release|Any CPU
	EndGlobalSection
	GlobalSection(ProjectConfigurationPlatforms) = postSolution
		{BEDC982D-3AFA-4505-8369-FD79FF2A86AE}.Debug|Any CPU.ActiveCfg = Debug|Any CPU
		{BEDC982D-3AFA-4505-8369-FD79FF2A86AE}.Debug|Any CPU.Build.0 = Debug|Any CPU
		{BEDC982D-3AFA-4505-8369-FD79FF2A86AE}.Release|Any CPU.ActiveCfg = Release|Any CPU
		{BEDC982D-3AFA-4505-8369-FD79FF2A86AE}.Release|Any CPU.Build.0 = Release|Any CPU
	EndGlobalSection
	GlobalSection(SolutionProperties) = preSolution
		HideSolutionNode = FALSE
	EndGlobalSection
	GlobalSection(ExtensibilityGlobals) = postSolution
		SolutionGuid = {D9525906-598B-4109-8298-A919E9BF3C65}
	EndGlobalSection
EndGlobal
